
Microsoft Visual Studio Solution File, Format Version 12.00
# Visual Studio Version 17
VisualStudioVersion = 17.10.35027.167
MinimumVisualStudioVersion = 10.0.40219.1
Project("{FAE04EC0-301F-11D3-BF4B-00C04F79EFBC}") = "Integration-Test-net70", "Integration-Test-net70\Integration-Test-net70.csproj", "{00130E83-6BF8-4571-AC88-FC673B064319}"
EndProject
Project("{FAE04EC0-301F-11D3-BF4B-00C04F79EFBC}") = "Domain", "Domain\Domain.csproj", "{4DA2C84E-8640-413D-A418-7482BDB99FF9}"
EndProject
Global
	GlobalSection(SolutionConfigurationPlatforms) = preSolution
		Debug|Any CPU = Debug|Any CPU
		Release|Any CPU = Release|Any CPU
	EndGlobalSection
	GlobalSection(ProjectConfigurationPlatforms) = postSolution
		{00130E83-6BF8-4571-AC88-FC673B064319}.Debug|Any CPU.ActiveCfg = Debug|Any CPU
		{00130E83-6BF8-4571-AC88-FC673B064319}.Debug|Any CPU.Build.0 = Debug|Any CPU
		{00130E83-6BF8-4571-AC88-FC673B064319}.Release|Any CPU.ActiveCfg = Release|Any CPU
		{00130E83-6BF8-4571-AC88-FC673B064319}.Release|Any CPU.Build.0 = Release|Any CPU
		{4DA2C84E-8640-413D-A418-7482BDB99FF9}.Debug|Any CPU.ActiveCfg = Debug|Any CPU
		{4DA2C84E-8640-413D-A418-7482BDB99FF9}.Debug|Any CPU.Build.0 = Debug|Any CPU
		{4DA2C84E-8640-413D-A418-7482BDB99FF9}.Release|Any CPU.ActiveCfg = Release|Any CPU
		{4DA2C84E-8640-413D-A418-7482BDB99FF9}.Release|Any CPU.Build.0 = Release|Any CPU
	EndGlobalSection
	GlobalSection(SolutionProperties) = preSolution
		HideSolutionNode = FALSE
	EndGlobalSection
	GlobalSection(ExtensibilityGlobals) = postSolution
		SolutionGuid = {EB8CEF3A-5ABC-471C-A3EC-B73B4150BC8B}
	EndGlobalSection
EndGlobal
